
Microsoft Visual Studio Solution File, Format Version 12.00
# Visual Studio 15
VisualStudioVersion = 15.0.27130.2036
MinimumVisualStudioVersion = 10.0.40219.1
Project("{FAE04EC0-301F-11D3-BF4B-00C04F79EFBC}") = "СЫр_руддщ", "СЫр_руддщ\СЫр_руддщ.csproj", "{68CA8580-AA96-4AE5-ADD7-29AB30FA675D}"
EndProject
Global
	GlobalSection(SolutionConfigurationPlatforms) = preSolution
		Debug|Any CPU = Debug|Any CPU
		Release|Any CPU = Release|Any CPU
	EndGlobalSection
	GlobalSection(ProjectConfigurationPlatforms) = postSolution
		{68CA8580-AA96-4AE5-ADD7-29AB30FA675D}.Debug|Any CPU.ActiveCfg = Debug|Any CPU
		{68CA8580-AA96-4AE5-ADD7-29AB30FA675D}.Debug|Any CPU.Build.0 = Debug|Any CPU
		{68CA8580-AA96-4AE5-ADD7-29AB30FA675D}.Release|Any CPU.ActiveCfg = Release|Any CPU
		{68CA8580-AA96-4AE5-ADD7-29AB30FA675D}.Release|Any CPU.Build.0 = Release|Any CPU
	EndGlobalSection
	GlobalSection(SolutionProperties) = preSolution
		HideSolutionNode = FALSE
	EndGlobalSection
	GlobalSection(ExtensibilityGlobals) = postSolution
		SolutionGuid = {A93F0F37-FB60-4300-9464-14BCAF7E6D3B}
	EndGlobalSection
EndGlobal
